
Microsoft Visual Studio Solution File, Format Version 12.00
# Visual Studio 15
VisualStudioVersion = 15.0.27004.2010
MinimumVisualStudioVersion = 10.0.40219.1
Project("{FAE04EC0-301F-11D3-BF4B-00C04F79EFBC}") = "HttpProxy", "HttpProxy\HttpProxy.csproj", "{6A0056A0-86E1-4405-B3CF-5D7B788BA6C0}"
EndProject
Global
	GlobalSection(SolutionConfigurationPlatforms) = preSolution
		Debug|Any CPU = Debug|Any CPU
		Release|Any CPU = Release|Any CPU
	EndGlobalSection
	GlobalSection(ProjectConfigurationPlatforms) = postSolution
		{6A0056A0-86E1-4405-B3CF-5D7B788BA6C0}.Debug|Any CPU.ActiveCfg = Debug|Any CPU
		{6A0056A0-86E1-4405-B3CF-5D7B788BA6C0}.Debug|Any CPU.Build.0 = Debug|Any CPU
		{6A0056A0-86E1-4405-B3CF-5D7B788BA6C0}.Release|Any CPU.ActiveCfg = Release|Any CPU
		{6A0056A0-86E1-4405-B3CF-5D7B788BA6C0}.Release|Any CPU.Build.0 = Release|Any CPU
	EndGlobalSection
	GlobalSection(SolutionProperties) = preSolution
		HideSolutionNode = FALSE
	EndGlobalSection
	GlobalSection(ExtensibilityGlobals) = postSolution
		SolutionGuid = {7349BEF5-1C3F-466A-B9E6-DCEBF32B9603}
	EndGlobalSection
EndGlobal
